
Microsoft Visual Studio Solution File, Format Version 12.00
# Visual Studio Version 17
VisualStudioVersion = 17.4.33205.214
MinimumVisualStudioVersion = 10.0.40219.1
Project("{2150E333-8FDC-42A3-9474-1A3956D46DE8}") = "EasyCsv", "EasyCsv", "{BBD31E89-4668-4970-9EC5-5DEF47608067}"
EndProject
Project("{9A19103F-16F7-4668-BE54-9A1E7A4F7556}") = "EasyCsv.Core", "src\EasyCsv.Core\EasyCsv.Core.csproj", "{1052E2E0-70C3-49A8-84BE-6AC2CA9AFFFD}"
EndProject
Project("{2150E333-8FDC-42A3-9474-1A3956D46DE8}") = "EasyCsv.Tests", "EasyCsv.Tests", "{BD676251-A146-47FE-8E52-1CF2226ACAC1}"
EndProject
Project("{9A19103F-16F7-4668-BE54-9A1E7A4F7556}") = "EasyCsv.Tests.Core", "src\EasyCsv.Tests\EasyCsv.Tests.Core\EasyCsv.Tests.Core.csproj", "{237467ED-E074-4D72-8584-C83C3C9DB328}"
EndProject
Project("{9A19103F-16F7-4668-BE54-9A1E7A4F7556}") = "EasyCsv.Tests.Shared", "src\EasyCsv.Tests\EasyCsv.Tests.Shared\EasyCsv.Tests.Shared.csproj", "{B71A453D-B1B2-431A-BF50-29773BD857D8}"
EndProject
Project("{9A19103F-16F7-4668-BE54-9A1E7A4F7556}") = "EasyCsv", "src\EasyCsv\EasyCsv.csproj", "{F49FFA99-D88C-4947-988A-569DD0CF8E76}"
EndProject
Project("{9A19103F-16F7-4668-BE54-9A1E7A4F7556}") = "EasyCsv.Files", "src\EasyCsv.FileExtensions\EasyCsv.Files.csproj", "{BA2AB2DF-3457-4D6E-A950-676A82A228A3}"
EndProject
Project("{FAE04EC0-301F-11D3-BF4B-00C04F79EFBC}") = "EasyCsv.Components", "src\EasyCsv.Components\EasyCsv.Components.csproj", "{E6B5A9F1-FA58-485F-A1C0-42CF760BA1BC}"
EndProject
Project("{FAE04EC0-301F-11D3-BF4B-00C04F79EFBC}") = "ExampleBlazorApp", "src\ExampleBlazorApp\ExampleBlazorApp.csproj", "{72E732F4-D2C1-4F6B-BA83-29FDC937D74F}"
EndProject
Global
	GlobalSection(SolutionConfigurationPlatforms) = preSolution
		Debug|Any CPU = Debug|Any CPU
		Release|Any CPU = Release|Any CPU
	EndGlobalSection
	GlobalSection(ProjectConfigurationPlatforms) = postSolution
		{1052E2E0-70C3-49A8-84BE-6AC2CA9AFFFD}.Debug|Any CPU.ActiveCfg = Debug|Any CPU
		{1052E2E0-70C3-49A8-84BE-6AC2CA9AFFFD}.Debug|Any CPU.Build.0 = Debug|Any CPU
		{1052E2E0-70C3-49A8-84BE-6AC2CA9AFFFD}.Release|Any CPU.ActiveCfg = Release|Any CPU
		{1052E2E0-70C3-49A8-84BE-6AC2CA9AFFFD}.Release|Any CPU.Build.0 = Release|Any CPU
		{237467ED-E074-4D72-8584-C83C3C9DB328}.Debug|Any CPU.ActiveCfg = Debug|Any CPU
		{237467ED-E074-4D72-8584-C83C3C9DB328}.Debug|Any CPU.Build.0 = Debug|Any CPU
		{237467ED-E074-4D72-8584-C83C3C9DB328}.Release|Any CPU.ActiveCfg = Release|Any CPU
		{237467ED-E074-4D72-8584-C83C3C9DB328}.Release|Any CPU.Build.0 = Release|Any CPU
		{B71A453D-B1B2-431A-BF50-29773BD857D8}.Debug|Any CPU.ActiveCfg = Debug|Any CPU
		{B71A453D-B1B2-431A-BF50-29773BD857D8}.Debug|Any CPU.Build.0 = Debug|Any CPU
		{B71A453D-B1B2-431A-BF50-29773BD857D8}.Release|Any CPU.ActiveCfg = Release|Any CPU
		{B71A453D-B1B2-431A-BF50-29773BD857D8}.Release|Any CPU.Build.0 = Release|Any CPU
		{F49FFA99-D88C-4947-988A-569DD0CF8E76}.Debug|Any CPU.ActiveCfg = Debug|Any CPU
		{F49FFA99-D88C-4947-988A-569DD0CF8E76}.Debug|Any CPU.Build.0 = Debug|Any CPU
		{F49FFA99-D88C-4947-988A-569DD0CF8E76}.Release|Any CPU.ActiveCfg = Release|Any CPU
		{F49FFA99-D88C-4947-988A-569DD0CF8E76}.Release|Any CPU.Build.0 = Release|Any CPU
		{BA2AB2DF-3457-4D6E-A950-676A82A228A3}.Debug|Any CPU.ActiveCfg = Debug|Any CPU
		{BA2AB2DF-3457-4D6E-A950-676A82A228A3}.Debug|Any CPU.Build.0 = Debug|Any CPU
		{BA2AB2DF-3457-4D6E-A950-676A82A228A3}.Release|Any CPU.ActiveCfg = Release|Any CPU
		{BA2AB2DF-3457-4D6E-A950-676A82A228A3}.Release|Any CPU.Build.0 = Release|Any CPU
		{E6B5A9F1-FA58-485F-A1C0-42CF760BA1BC}.Debug|Any CPU.ActiveCfg = Debug|Any CPU
		{E6B5A9F1-FA58-485F-A1C0-42CF760BA1BC}.Debug|Any CPU.Build.0 = Debug|Any CPU
		{E6B5A9F1-FA58-485F-A1C0-42CF760BA1BC}.Release|Any CPU.ActiveCfg = Release|Any CPU
		{E6B5A9F1-FA58-485F-A1C0-42CF760BA1BC}.Release|Any CPU.Build.0 = Release|Any CPU
		{72E732F4-D2C1-4F6B-BA83-29FDC937D74F}.Debug|Any CPU.ActiveCfg = Debug|Any CPU
		{72E732F4-D2C1-4F6B-BA83-29FDC937D74F}.Debug|Any CPU.Build.0 = Debug|Any CPU
		{72E732F4-D2C1-4F6B-BA83-29FDC937D74F}.Release|Any CPU.ActiveCfg = Release|Any CPU
		{72E732F4-D2C1-4F6B-BA83-29FDC937D74F}.Release|Any CPU.Build.0 = Release|Any CPU
	EndGlobalSection
	GlobalSection(SolutionProperties) = preSolution
		HideSolutionNode = FALSE
	EndGlobalSection
	GlobalSection(NestedProjects) = preSolution
		{1052E2E0-70C3-49A8-84BE-6AC2CA9AFFFD} = {BBD31E89-4668-4970-9EC5-5DEF47608067}
		{237467ED-E074-4D72-8584-C83C3C9DB328} = {BD676251-A146-47FE-8E52-1CF2226ACAC1}
		{B71A453D-B1B2-431A-BF50-29773BD857D8} = {BD676251-A146-47FE-8E52-1CF2226ACAC1}
		{F49FFA99-D88C-4947-988A-569DD0CF8E76} = {BBD31E89-4668-4970-9EC5-5DEF47608067}
		{BA2AB2DF-3457-4D6E-A950-676A82A228A3} = {BBD31E89-4668-4970-9EC5-5DEF47608067}
		{E6B5A9F1-FA58-485F-A1C0-42CF760BA1BC} = {BBD31E89-4668-4970-9EC5-5DEF47608067}
		{72E732F4-D2C1-4F6B-BA83-29FDC937D74F} = {BBD31E89-4668-4970-9EC5-5DEF47608067}
	EndGlobalSection
	GlobalSection(ExtensibilityGlobals) = postSolution
		SolutionGuid = {6DC89E27-D7FF-428D-A1B9-C3DB74F2BA6B}
	EndGlobalSection
EndGlobal
