
Microsoft Visual Studio Solution File, Format Version 12.00
# Visual Studio Version 17
VisualStudioVersion = 17.0.31717.71
MinimumVisualStudioVersion = 10.0.40219.1
Project("{9A19103F-16F7-4668-BE54-9A1E7A4F7556}") = "ExampleBlazorApp", "ExampleBlazorApp.csproj", "{B897C5A9-475A-4977-823E-2800D88B866D}"
EndProject
Global
	GlobalSection(SolutionConfigurationPlatforms) = preSolution
		Debug|Any CPU = Debug|Any CPU
		Release|Any CPU = Release|Any CPU
	EndGlobalSection
	GlobalSection(ProjectConfigurationPlatforms) = postSolution
		{B897C5A9-475A-4977-823E-2800D88B866D}.Debug|Any CPU.ActiveCfg = Debug|Any CPU
		{B897C5A9-475A-4977-823E-2800D88B866D}.Debug|Any CPU.Build.0 = Debug|Any CPU
		{B897C5A9-475A-4977-823E-2800D88B866D}.Release|Any CPU.ActiveCfg = Release|Any CPU
		{B897C5A9-475A-4977-823E-2800D88B866D}.Release|Any CPU.Build.0 = Release|Any CPU
	EndGlobalSection
	GlobalSection(SolutionProperties) = preSolution
		HideSolutionNode = FALSE
	EndGlobalSection
	GlobalSection(ExtensibilityGlobals) = postSolution
		SolutionGuid = {D4C63C10-2ED4-4D69-B4AD-C7B9EC39EC4C}
	EndGlobalSection
EndGlobal